
Microsoft Visual Studio Solution File, Format Version 12.00
# Visual Studio Version 17
VisualStudioVersion = 17.13.35828.75 d17.13
MinimumVisualStudioVersion = 10.0.40219.1
Project("{FAE04EC0-301F-11D3-BF4B-00C04F79EFBC}") = "DotNetMasteryClearnArc", "DotNetMasteryClearnArc\DotNetMasteryClearnArc.csproj", "{FA09F688-C010-417F-8218-FC26A2B23279}"
EndProject
Global
	GlobalSection(SolutionConfigurationPlatforms) = preSolution
		Debug|Any CPU = Debug|Any CPU
		Release|Any CPU = Release|Any CPU
	EndGlobalSection
	GlobalSection(ProjectConfigurationPlatforms) = postSolution
		{FA09F688-C010-417F-8218-FC26A2B23279}.Debug|Any CPU.ActiveCfg = Debug|Any CPU
		{FA09F688-C010-417F-8218-FC26A2B23279}.Debug|Any CPU.Build.0 = Debug|Any CPU
		{FA09F688-C010-417F-8218-FC26A2B23279}.Release|Any CPU.ActiveCfg = Release|Any CPU
		{FA09F688-C010-417F-8218-FC26A2B23279}.Release|Any CPU.Build.0 = Release|Any CPU
	EndGlobalSection
	GlobalSection(SolutionProperties) = preSolution
		HideSolutionNode = FALSE
	EndGlobalSection
	GlobalSection(ExtensibilityGlobals) = postSolution
		SolutionGuid = {FDC1E5C8-80F5-4E9B-B90E-89EC49AE93F0}
	EndGlobalSection
EndGlobal
